
Microsoft Visual Studio Solution File, Format Version 12.00
# Visual Studio 15
VisualStudioVersion = 15.0.27428.2011
MinimumVisualStudioVersion = 10.0.40219.1
Project("{FAE04EC0-301F-11D3-BF4B-00C04F79EFBC}") = "AutomationAPI", "AutomationAPI\AutomationAPI.csproj", "{A380B307-496F-4E7B-9302-EC1A2093A9B1}"
EndProject
Project("{2150E333-8FDC-42A3-9474-1A3956D46DE8}") = "Solution Items", "Solution Items", "{6942E2A1-F808-4C15-B84A-4DDBF381650D}"
EndProject
Project("{FAE04EC0-301F-11D3-BF4B-00C04F79EFBC}") = "LibplctagWrapper", "LibplctagWrapper\LibplctagWrapper.csproj", "{394ABFC2-E570-462E-9994-37B33C348702}"
EndProject
Global
	GlobalSection(SolutionConfigurationPlatforms) = preSolution
		Debug|Any CPU = Debug|Any CPU
		Debug|x64 = Debug|x64
		Debug|x86 = Debug|x86
		Release|Any CPU = Release|Any CPU
		Release|x64 = Release|x64
		Release|x86 = Release|x86
	EndGlobalSection
	GlobalSection(ProjectConfigurationPlatforms) = postSolution
		{A380B307-496F-4E7B-9302-EC1A2093A9B1}.Debug|Any CPU.ActiveCfg = Debug|Any CPU
		{A380B307-496F-4E7B-9302-EC1A2093A9B1}.Debug|Any CPU.Build.0 = Debug|Any CPU
		{A380B307-496F-4E7B-9302-EC1A2093A9B1}.Debug|x64.ActiveCfg = Debug|Any CPU
		{A380B307-496F-4E7B-9302-EC1A2093A9B1}.Debug|x64.Build.0 = Debug|Any CPU
		{A380B307-496F-4E7B-9302-EC1A2093A9B1}.Debug|x86.ActiveCfg = Debug|x86
		{A380B307-496F-4E7B-9302-EC1A2093A9B1}.Debug|x86.Build.0 = Debug|x86
		{A380B307-496F-4E7B-9302-EC1A2093A9B1}.Release|Any CPU.ActiveCfg = Release|Any CPU
		{A380B307-496F-4E7B-9302-EC1A2093A9B1}.Release|Any CPU.Build.0 = Release|Any CPU
		{A380B307-496F-4E7B-9302-EC1A2093A9B1}.Release|x64.ActiveCfg = Release|x64
		{A380B307-496F-4E7B-9302-EC1A2093A9B1}.Release|x64.Build.0 = Release|x64
		{A380B307-496F-4E7B-9302-EC1A2093A9B1}.Release|x86.ActiveCfg = Release|x86
		{A380B307-496F-4E7B-9302-EC1A2093A9B1}.Release|x86.Build.0 = Release|x86
		{394ABFC2-E570-462E-9994-37B33C348702}.Debug|Any CPU.ActiveCfg = Debug|Any CPU
		{394ABFC2-E570-462E-9994-37B33C348702}.Debug|Any CPU.Build.0 = Debug|Any CPU
		{394ABFC2-E570-462E-9994-37B33C348702}.Debug|x64.ActiveCfg = Debug|Any CPU
		{394ABFC2-E570-462E-9994-37B33C348702}.Debug|x64.Build.0 = Debug|Any CPU
		{394ABFC2-E570-462E-9994-37B33C348702}.Debug|x86.ActiveCfg = Debug|x86
		{394ABFC2-E570-462E-9994-37B33C348702}.Debug|x86.Build.0 = Debug|x86
		{394ABFC2-E570-462E-9994-37B33C348702}.Release|Any CPU.ActiveCfg = Release|Any CPU
		{394ABFC2-E570-462E-9994-37B33C348702}.Release|Any CPU.Build.0 = Release|Any CPU
		{394ABFC2-E570-462E-9994-37B33C348702}.Release|x64.ActiveCfg = Release|x64
		{394ABFC2-E570-462E-9994-37B33C348702}.Release|x64.Build.0 = Release|x64
		{394ABFC2-E570-462E-9994-37B33C348702}.Release|x86.ActiveCfg = Release|x86
		{394ABFC2-E570-462E-9994-37B33C348702}.Release|x86.Build.0 = Release|x86
	EndGlobalSection
	GlobalSection(SolutionProperties) = preSolution
		HideSolutionNode = FALSE
	EndGlobalSection
	GlobalSection(ExtensibilityGlobals) = postSolution
		SolutionGuid = {6A0B403C-9881-44D0-A4BD-77D71B6F2E06}
	EndGlobalSection
EndGlobal
