
Microsoft Visual Studio Solution File, Format Version 12.00
# Visual Studio 15
VisualStudioVersion = 15.0.27428.2011
MinimumVisualStudioVersion = 10.0.40219.1
Project("{FAE04EC0-301F-11D3-BF4B-00C04F79EFBC}") = "FileSelectExample", "FileSelectExample\FileSelectExample.csproj", "{702FEE32-1CAC-4CA1-929D-E1EAE6E70896}"
EndProject
Global
	GlobalSection(SolutionConfigurationPlatforms) = preSolution
		Debug|Any CPU = Debug|Any CPU
		Release|Any CPU = Release|Any CPU
	EndGlobalSection
	GlobalSection(ProjectConfigurationPlatforms) = postSolution
		{702FEE32-1CAC-4CA1-929D-E1EAE6E70896}.Debug|Any CPU.ActiveCfg = Debug|Any CPU
		{702FEE32-1CAC-4CA1-929D-E1EAE6E70896}.Debug|Any CPU.Build.0 = Debug|Any CPU
		{702FEE32-1CAC-4CA1-929D-E1EAE6E70896}.Release|Any CPU.ActiveCfg = Release|Any CPU
		{702FEE32-1CAC-4CA1-929D-E1EAE6E70896}.Release|Any CPU.Build.0 = Release|Any CPU
	EndGlobalSection
	GlobalSection(SolutionProperties) = preSolution
		HideSolutionNode = FALSE
	EndGlobalSection
	GlobalSection(ExtensibilityGlobals) = postSolution
		SolutionGuid = {55CA8671-1AB0-47A4-98CC-7A931D309A3F}
	EndGlobalSection
EndGlobal
